// !$*UTF8*$!
{
	archiveVersion = 1;
	classes = {
	};
	objectVersion = 46;
	objects = {

/* Begin PBXBuildFile section */
		8430F41B1B6A941F00CB2EE0 /* RecordViewController.m in Sources */ = {isa = PBXBuildFile; fileRef = 8430F41A1B6A941F00CB2EE0 /* RecordViewController.m */; };
		8430F43D1B6A943800CB2EE0 /* EZAudio.m in Sources */ = {isa = PBXBuildFile; fileRef = 8430F41E1B6A943800CB2EE0 /* EZAudio.m */; };
		8430F43E1B6A943800CB2EE0 /* EZAudioDevice.m in Sources */ = {isa = PBXBuildFile; fileRef = 8430F4201B6A943800CB2EE0 /* EZAudioDevice.m */; };
		8430F43F1B6A943800CB2EE0 /* EZAudioDisplayLink.m in Sources */ = {isa = PBXBuildFile; fileRef = 8430F4221B6A943800CB2EE0 /* EZAudioDisplayLink.m */; };
		8430F4401B6A943800CB2EE0 /* EZAudioFFT.m in Sources */ = {isa = PBXBuildFile; fileRef = 8430F4241B6A943800CB2EE0 /* EZAudioFFT.m */; };
		8430F4411B6A943800CB2EE0 /* EZAudioFile.m in Sources */ = {isa = PBXBuildFile; fileRef = 8430F4261B6A943800CB2EE0 /* EZAudioFile.m */; };
		8430F4421B6A943800CB2EE0 /* EZAudioFloatConverter.m in Sources */ = {isa = PBXBuildFile; fileRef = 8430F4281B6A943800CB2EE0 /* EZAudioFloatConverter.m */; };
		8430F4431B6A943800CB2EE0 /* EZAudioFloatData.m in Sources */ = {isa = PBXBuildFile; fileRef = 8430F42A1B6A943800CB2EE0 /* EZAudioFloatData.m */; };
		8430F4441B6A943800CB2EE0 /* EZAudioPlayer.m in Sources */ = {isa = PBXBuildFile; fileRef = 8430F42C1B6A943800CB2EE0 /* EZAudioPlayer.m */; };
		8430F4451B6A943800CB2EE0 /* EZAudioPlot.m in Sources */ = {isa = PBXBuildFile; fileRef = 8430F42E1B6A943800CB2EE0 /* EZAudioPlot.m */; };
		8430F4461B6A943800CB2EE0 /* EZAudioPlotGL.m in Sources */ = {isa = PBXBuildFile; fileRef = 8430F4301B6A943800CB2EE0 /* EZAudioPlotGL.m */; };
		8430F4471B6A943800CB2EE0 /* EZAudioUtilities.m in Sources */ = {isa = PBXBuildFile; fileRef = 8430F4321B6A943800CB2EE0 /* EZAudioUtilities.m */; };
		8430F4481B6A943800CB2EE0 /* EZMicrophone.m in Sources */ = {isa = PBXBuildFile; fileRef = 8430F4341B6A943800CB2EE0 /* EZMicrophone.m */; };
		8430F4491B6A943800CB2EE0 /* EZOutput.m in Sources */ = {isa = PBXBuildFile; fileRef = 8430F4361B6A943800CB2EE0 /* EZOutput.m */; };
		8430F44A1B6A943800CB2EE0 /* EZPlot.m in Sources */ = {isa = PBXBuildFile; fileRef = 8430F4381B6A943800CB2EE0 /* EZPlot.m */; };
		8430F44B1B6A943800CB2EE0 /* EZRecorder.m in Sources */ = {isa = PBXBuildFile; fileRef = 8430F43A1B6A943800CB2EE0 /* EZRecorder.m */; };
		8430F44C1B6A943800CB2EE0 /* TPCircularBuffer.c in Sources */ = {isa = PBXBuildFile; fileRef = 8430F43B1B6A943800CB2EE0 /* TPCircularBuffer.c */; };
		8474125F1B7D6EB7009EA92E /* APLMoveMeView.m in Sources */ = {isa = PBXBuildFile; fileRef = 847412591B7D6EB7009EA92E /* APLMoveMeView.m */; };
		847412601B7D6EB7009EA92E /* simple-drum-beat.wav in Resources */ = {isa = PBXBuildFile; fileRef = 8474125A1B7D6EB7009EA92E /* simple-drum-beat.wav */; };
		847412611B7D6EB7009EA92E /* ViewProjectViewController.m in Sources */ = {isa = PBXBuildFile; fileRef = 8474125C1B7D6EB7009EA92E /* ViewProjectViewController.m */; };
		847412621B7D6EB7009EA92E /* WaveformFromFileViewController.m in Sources */ = {isa = PBXBuildFile; fileRef = 8474125E1B7D6EB7009EA92E /* WaveformFromFileViewController.m */; };
		8474126A1B7D768F009EA92E /* RecordSettingViewController.m in Sources */ = {isa = PBXBuildFile; fileRef = 847412691B7D768F009EA92E /* RecordSettingViewController.m */; };
		848660821B615916000D849B /* AVFoundation.framework in Frameworks */ = {isa = PBXBuildFile; fileRef = 848660811B615916000D849B /* AVFoundation.framework */; };
		9283EE1F1B686AC8004A553B /* Clip.m in Sources */ = {isa = PBXBuildFile; fileRef = 9283EE1E1B686AC8004A553B /* Clip.m */; };
		9283EE221B686ADD004A553B /* Project.m in Sources */ = {isa = PBXBuildFile; fileRef = 9283EE211B686ADD004A553B /* Project.m */; };
		9289842E1B728F1500D6FB6F /* Activity.m in Sources */ = {isa = PBXBuildFile; fileRef = 9289842D1B728F1500D6FB6F /* Activity.m */; };
		928984311B729E6300D6FB6F /* AlbumShare.m in Sources */ = {isa = PBXBuildFile; fileRef = 928984301B729E6300D6FB6F /* AlbumShare.m */; };
		928984351B729E9D00D6FB6F /* ClipShare.m in Sources */ = {isa = PBXBuildFile; fileRef = 928984341B729E9D00D6FB6F /* ClipShare.m */; };
		928984381B729EAF00D6FB6F /* ProjectClassified.m in Sources */ = {isa = PBXBuildFile; fileRef = 928984371B729EAF00D6FB6F /* ProjectClassified.m */; };
		9289843B1B729EBF00D6FB6F /* ProjectShare.m in Sources */ = {isa = PBXBuildFile; fileRef = 9289843A1B729EBF00D6FB6F /* ProjectShare.m */; };
		9289843E1B729EF800D6FB6F /* UserClassified.m in Sources */ = {isa = PBXBuildFile; fileRef = 9289843D1B729EF800D6FB6F /* UserClassified.m */; };
		928984411B7463A400D6FB6F /* Doc.m in Sources */ = {isa = PBXBuildFile; fileRef = 928984401B7463A400D6FB6F /* Doc.m */; };
		929B70BC1B5D3FC000264D32 /* main.m in Sources */ = {isa = PBXBuildFile; fileRef = 929B70BB1B5D3FC000264D32 /* main.m */; };
		929B70BF1B5D3FC000264D32 /* AppDelegate.m in Sources */ = {isa = PBXBuildFile; fileRef = 929B70BE1B5D3FC000264D32 /* AppDelegate.m */; };
		929B70C51B5D3FC000264D32 /* SecondViewController.m in Sources */ = {isa = PBXBuildFile; fileRef = 929B70C41B5D3FC000264D32 /* SecondViewController.m */; };
		929B70C81B5D3FC000264D32 /* Main.storyboard in Resources */ = {isa = PBXBuildFile; fileRef = 929B70C61B5D3FC000264D32 /* Main.storyboard */; };
		929B70CA1B5D3FC000264D32 /* Images.xcassets in Resources */ = {isa = PBXBuildFile; fileRef = 929B70C91B5D3FC000264D32 /* Images.xcassets */; };
		929B70CD1B5D3FC000264D32 /* LaunchScreen.xib in Resources */ = {isa = PBXBuildFile; fileRef = 929B70CB1B5D3FC000264D32 /* LaunchScreen.xib */; };
		929B70D91B5D3FC000264D32 /* NebulusTests.m in Sources */ = {isa = PBXBuildFile; fileRef = 929B70D81B5D3FC000264D32 /* NebulusTests.m */; };
		929B70E41B5D48AC00264D32 /* LoginViewController.m in Sources */ = {isa = PBXBuildFile; fileRef = 929B70E31B5D48AC00264D32 /* LoginViewController.m */; };
		929DA63B1B6A91AA00F2663C /* MusicHttpClient.m in Sources */ = {isa = PBXBuildFile; fileRef = 929DA63A1B6A91AA00F2663C /* MusicHttpClient.m */; };
		92A574B61B62D20F0015032B /* UserHttpClient.m in Sources */ = {isa = PBXBuildFile; fileRef = 92A574B51B62D20F0015032B /* UserHttpClient.m */; };
		92A574F71B655CAB0015032B /* Model.m in Sources */ = {isa = PBXBuildFile; fileRef = 92A574F61B655CAB0015032B /* Model.m */; };
		92A574FA1B655CD70015032B /* User.m in Sources */ = {isa = PBXBuildFile; fileRef = 92A574F91B655CD70015032B /* User.m */; };
		92A574FD1B6857AA0015032B /* Album.m in Sources */ = {isa = PBXBuildFile; fileRef = 92A574FC1B6857AA0015032B /* Album.m */; };
		92ED7E171B7A834C0015E6BB /* RecordingHttpClient.m in Sources */ = {isa = PBXBuildFile; fileRef = 92ED7E161B7A834C0015E6BB /* RecordingHttpClient.m */; };
		92ED7E1A1B7C37EE0015E6BB /* ProjectHttpClient.m in Sources */ = {isa = PBXBuildFile; fileRef = 92ED7E191B7C37EE0015E6BB /* ProjectHttpClient.m */; };
		92ED7E1E1B7D223E0015E6BB /* Notification.m in Sources */ = {isa = PBXBuildFile; fileRef = 92ED7E1D1B7D223E0015E6BB /* Notification.m */; };
		92F158CA1B782E46005C84C8 /* Comment.m in Sources */ = {isa = PBXBuildFile; fileRef = 92F158C91B782E46005C84C8 /* Comment.m */; };
		92F158CD1B783219005C84C8 /* Task.m in Sources */ = {isa = PBXBuildFile; fileRef = 92F158CC1B783219005C84C8 /* Task.m */; };
		92F158D01B783CE9005C84C8 /* Like.m in Sources */ = {isa = PBXBuildFile; fileRef = 92F158CF1B783CE9005C84C8 /* Like.m */; };
		92F158D31B783D01005C84C8 /* Arrangement.m in Sources */ = {isa = PBXBuildFile; fileRef = 92F158D21B783D01005C84C8 /* Arrangement.m */; };
		981F9B931B670EFB00031869 /* FollowViewController.m in Sources */ = {isa = PBXBuildFile; fileRef = 981F9B921B670EFB00031869 /* FollowViewController.m */; };
		983261F51B7978DF000FE97A /* CollaboratorsViewController.m in Sources */ = {isa = PBXBuildFile; fileRef = 983261F41B7978DF000FE97A /* CollaboratorsViewController.m */; };
		9889F0FF1B72FB9E00685E18 /* TimelineViewController.m in Sources */ = {isa = PBXBuildFile; fileRef = 9889F0FE1B72FB9E00685E18 /* TimelineViewController.m */; };
		9893D9AA1B695D210033ED33 /* OtherProfileViewController.m in Sources */ = {isa = PBXBuildFile; fileRef = 9893D9A91B695D210033ED33 /* OtherProfileViewController.m */; };
		98C9472D1B629842000E0CB8 /* ProfileDetailViewController.m in Sources */ = {isa = PBXBuildFile; fileRef = 98C9472C1B629842000E0CB8 /* ProfileDetailViewController.m */; };
		98C947331B62D5B8000E0CB8 /* ProfileViewController.m in Sources */ = {isa = PBXBuildFile; fileRef = 98C947321B62D5B8000E0CB8 /* ProfileViewController.m */; };
		98DFE11F1B759A7000C1DBDE /* AlbumProjectViewController.m in Sources */ = {isa = PBXBuildFile; fileRef = 98DFE11E1B759A7000C1DBDE /* AlbumProjectViewController.m */; };
		98DFE1231B75B2F600C1DBDE /* ModifyViewController.m in Sources */ = {isa = PBXBuildFile; fileRef = 98DFE1221B75B2F600C1DBDE /* ModifyViewController.m */; };
		98FF60CB1B69B52F00DE90B4 /* SearchViewController.m in Sources */ = {isa = PBXBuildFile; fileRef = 98FF60CA1B69B52F00DE90B4 /* SearchViewController.m */; };
		AFE597BC1B62E22100ED0520 /* (null) in Sources */ = {isa = PBXBuildFile; };
		AFE597F31B6322B900ED0520 /* (null) in Sources */ = {isa = PBXBuildFile; };
		AFE597FC1B6333DA00ED0520 /* CreateProjectAlbumViewController.m in Sources */ = {isa = PBXBuildFile; fileRef = AFE597FB1B6333DA00ED0520 /* CreateProjectAlbumViewController.m */; };
/* End PBXBuildFile section */

/* Begin PBXContainerItemProxy section */
		929B70D31B5D3FC000264D32 /* PBXContainerItemProxy */ = {
			isa = PBXContainerItemProxy;
			containerPortal = 929B70AE1B5D3FC000264D32 /* Project object */;
			proxyType = 1;
			remoteGlobalIDString = 929B70B51B5D3FC000264D32;
			remoteInfo = Nebulus;
		};
/* End PBXContainerItemProxy section */

/* Begin PBXFileReference section */
		8430F4191B6A941F00CB2EE0 /* RecordViewController.h */ = {isa = PBXFileReference; fileEncoding = 4; lastKnownFileType = sourcecode.c.h; path = RecordViewController.h; sourceTree = "<group>"; };
		8430F41A1B6A941F00CB2EE0 /* RecordViewController.m */ = {isa = PBXFileReference; fileEncoding = 4; lastKnownFileType = sourcecode.c.objc; path = RecordViewController.m; sourceTree = "<group>"; };
		8430F41D1B6A943800CB2EE0 /* EZAudio.h */ = {isa = PBXFileReference; fileEncoding = 4; lastKnownFileType = sourcecode.c.h; path = EZAudio.h; sourceTree = "<group>"; };
		8430F41E1B6A943800CB2EE0 /* EZAudio.m */ = {isa = PBXFileReference; fileEncoding = 4; lastKnownFileType = sourcecode.c.objc; path = EZAudio.m; sourceTree = "<group>"; };
		8430F41F1B6A943800CB2EE0 /* EZAudioDevice.h */ = {isa = PBXFileReference; fileEncoding = 4; lastKnownFileType = sourcecode.c.h; path = EZAudioDevice.h; sourceTree = "<group>"; };
		8430F4201B6A943800CB2EE0 /* EZAudioDevice.m */ = {isa = PBXFileReference; fileEncoding = 4; lastKnownFileType = sourcecode.c.objc; path = EZAudioDevice.m; sourceTree = "<group>"; };
		8430F4211B6A943800CB2EE0 /* EZAudioDisplayLink.h */ = {isa = PBXFileReference; fileEncoding = 4; lastKnownFileType = sourcecode.c.h; path = EZAudioDisplayLink.h; sourceTree = "<group>"; };
		8430F4221B6A943800CB2EE0 /* EZAudioDisplayLink.m */ = {isa = PBXFileReference; fileEncoding = 4; lastKnownFileType = sourcecode.c.objc; path = EZAudioDisplayLink.m; sourceTree = "<group>"; };
		8430F4231B6A943800CB2EE0 /* EZAudioFFT.h */ = {isa = PBXFileReference; fileEncoding = 4; lastKnownFileType = sourcecode.c.h; path = EZAudioFFT.h; sourceTree = "<group>"; };
		8430F4241B6A943800CB2EE0 /* EZAudioFFT.m */ = {isa = PBXFileReference; fileEncoding = 4; lastKnownFileType = sourcecode.c.objc; path = EZAudioFFT.m; sourceTree = "<group>"; };
		8430F4251B6A943800CB2EE0 /* EZAudioFile.h */ = {isa = PBXFileReference; fileEncoding = 4; lastKnownFileType = sourcecode.c.h; path = EZAudioFile.h; sourceTree = "<group>"; };
		8430F4261B6A943800CB2EE0 /* EZAudioFile.m */ = {isa = PBXFileReference; fileEncoding = 4; lastKnownFileType = sourcecode.c.objc; path = EZAudioFile.m; sourceTree = "<group>"; };
		8430F4271B6A943800CB2EE0 /* EZAudioFloatConverter.h */ = {isa = PBXFileReference; fileEncoding = 4; lastKnownFileType = sourcecode.c.h; path = EZAudioFloatConverter.h; sourceTree = "<group>"; };
		8430F4281B6A943800CB2EE0 /* EZAudioFloatConverter.m */ = {isa = PBXFileReference; fileEncoding = 4; lastKnownFileType = sourcecode.c.objc; path = EZAudioFloatConverter.m; sourceTree = "<group>"; };
		8430F4291B6A943800CB2EE0 /* EZAudioFloatData.h */ = {isa = PBXFileReference; fileEncoding = 4; lastKnownFileType = sourcecode.c.h; path = EZAudioFloatData.h; sourceTree = "<group>"; };
		8430F42A1B6A943800CB2EE0 /* EZAudioFloatData.m */ = {isa = PBXFileReference; fileEncoding = 4; lastKnownFileType = sourcecode.c.objc; path = EZAudioFloatData.m; sourceTree = "<group>"; };
		8430F42B1B6A943800CB2EE0 /* EZAudioPlayer.h */ = {isa = PBXFileReference; fileEncoding = 4; lastKnownFileType = sourcecode.c.h; path = EZAudioPlayer.h; sourceTree = "<group>"; };
		8430F42C1B6A943800CB2EE0 /* EZAudioPlayer.m */ = {isa = PBXFileReference; fileEncoding = 4; lastKnownFileType = sourcecode.c.objc; path = EZAudioPlayer.m; sourceTree = "<group>"; };
		8430F42D1B6A943800CB2EE0 /* EZAudioPlot.h */ = {isa = PBXFileReference; fileEncoding = 4; lastKnownFileType = sourcecode.c.h; path = EZAudioPlot.h; sourceTree = "<group>"; };
		8430F42E1B6A943800CB2EE0 /* EZAudioPlot.m */ = {isa = PBXFileReference; fileEncoding = 4; lastKnownFileType = sourcecode.c.objc; path = EZAudioPlot.m; sourceTree = "<group>"; };
		8430F42F1B6A943800CB2EE0 /* EZAudioPlotGL.h */ = {isa = PBXFileReference; fileEncoding = 4; lastKnownFileType = sourcecode.c.h; path = EZAudioPlotGL.h; sourceTree = "<group>"; };
		8430F4301B6A943800CB2EE0 /* EZAudioPlotGL.m */ = {isa = PBXFileReference; fileEncoding = 4; lastKnownFileType = sourcecode.c.objc; path = EZAudioPlotGL.m; sourceTree = "<group>"; };
		8430F4311B6A943800CB2EE0 /* EZAudioUtilities.h */ = {isa = PBXFileReference; fileEncoding = 4; lastKnownFileType = sourcecode.c.h; path = EZAudioUtilities.h; sourceTree = "<group>"; };
		8430F4321B6A943800CB2EE0 /* EZAudioUtilities.m */ = {isa = PBXFileReference; fileEncoding = 4; lastKnownFileType = sourcecode.c.objc; path = EZAudioUtilities.m; sourceTree = "<group>"; };
		8430F4331B6A943800CB2EE0 /* EZMicrophone.h */ = {isa = PBXFileReference; fileEncoding = 4; lastKnownFileType = sourcecode.c.h; path = EZMicrophone.h; sourceTree = "<group>"; };
		8430F4341B6A943800CB2EE0 /* EZMicrophone.m */ = {isa = PBXFileReference; fileEncoding = 4; lastKnownFileType = sourcecode.c.objc; path = EZMicrophone.m; sourceTree = "<group>"; };
		8430F4351B6A943800CB2EE0 /* EZOutput.h */ = {isa = PBXFileReference; fileEncoding = 4; lastKnownFileType = sourcecode.c.h; path = EZOutput.h; sourceTree = "<group>"; };
		8430F4361B6A943800CB2EE0 /* EZOutput.m */ = {isa = PBXFileReference; fileEncoding = 4; lastKnownFileType = sourcecode.c.objc; path = EZOutput.m; sourceTree = "<group>"; };
		8430F4371B6A943800CB2EE0 /* EZPlot.h */ = {isa = PBXFileReference; fileEncoding = 4; lastKnownFileType = sourcecode.c.h; path = EZPlot.h; sourceTree = "<group>"; };
		8430F4381B6A943800CB2EE0 /* EZPlot.m */ = {isa = PBXFileReference; fileEncoding = 4; lastKnownFileType = sourcecode.c.objc; path = EZPlot.m; sourceTree = "<group>"; };
		8430F4391B6A943800CB2EE0 /* EZRecorder.h */ = {isa = PBXFileReference; fileEncoding = 4; lastKnownFileType = sourcecode.c.h; path = EZRecorder.h; sourceTree = "<group>"; };
		8430F43A1B6A943800CB2EE0 /* EZRecorder.m */ = {isa = PBXFileReference; fileEncoding = 4; lastKnownFileType = sourcecode.c.objc; path = EZRecorder.m; sourceTree = "<group>"; };
		8430F43B1B6A943800CB2EE0 /* TPCircularBuffer.c */ = {isa = PBXFileReference; fileEncoding = 4; lastKnownFileType = sourcecode.c.c; path = TPCircularBuffer.c; sourceTree = "<group>"; };
		8430F43C1B6A943800CB2EE0 /* TPCircularBuffer.h */ = {isa = PBXFileReference; fileEncoding = 4; lastKnownFileType = sourcecode.c.h; path = TPCircularBuffer.h; sourceTree = "<group>"; };
		847412581B7D6EB7009EA92E /* APLMoveMeView.h */ = {isa = PBXFileReference; fileEncoding = 4; lastKnownFileType = sourcecode.c.h; path = APLMoveMeView.h; sourceTree = "<group>"; };
		847412591B7D6EB7009EA92E /* APLMoveMeView.m */ = {isa = PBXFileReference; fileEncoding = 4; lastKnownFileType = sourcecode.c.objc; path = APLMoveMeView.m; sourceTree = "<group>"; };
		8474125A1B7D6EB7009EA92E /* simple-drum-beat.wav */ = {isa = PBXFileReference; lastKnownFileType = audio.wav; path = "simple-drum-beat.wav"; sourceTree = "<group>"; };
		8474125B1B7D6EB7009EA92E /* ViewProjectViewController.h */ = {isa = PBXFileReference; fileEncoding = 4; lastKnownFileType = sourcecode.c.h; path = ViewProjectViewController.h; sourceTree = "<group>"; };
		8474125C1B7D6EB7009EA92E /* ViewProjectViewController.m */ = {isa = PBXFileReference; fileEncoding = 4; lastKnownFileType = sourcecode.c.objc; path = ViewProjectViewController.m; sourceTree = "<group>"; };
		8474125D1B7D6EB7009EA92E /* WaveformFromFileViewController.h */ = {isa = PBXFileReference; fileEncoding = 4; lastKnownFileType = sourcecode.c.h; path = WaveformFromFileViewController.h; sourceTree = "<group>"; };
		8474125E1B7D6EB7009EA92E /* WaveformFromFileViewController.m */ = {isa = PBXFileReference; fileEncoding = 4; lastKnownFileType = sourcecode.c.objc; path = WaveformFromFileViewController.m; sourceTree = "<group>"; };
		847412681B7D768F009EA92E /* RecordSettingViewController.h */ = {isa = PBXFileReference; fileEncoding = 4; lastKnownFileType = sourcecode.c.h; path = RecordSettingViewController.h; sourceTree = "<group>"; };
		847412691B7D768F009EA92E /* RecordSettingViewController.m */ = {isa = PBXFileReference; fileEncoding = 4; lastKnownFileType = sourcecode.c.objc; path = RecordSettingViewController.m; sourceTree = "<group>"; };
		848660811B615916000D849B /* AVFoundation.framework */ = {isa = PBXFileReference; lastKnownFileType = wrapper.framework; name = AVFoundation.framework; path = System/Library/Frameworks/AVFoundation.framework; sourceTree = SDKROOT; };
		9283EE1D1B686AC8004A553B /* Clip.h */ = {isa = PBXFileReference; fileEncoding = 4; lastKnownFileType = sourcecode.c.h; path = Clip.h; sourceTree = "<group>"; };
		9283EE1E1B686AC8004A553B /* Clip.m */ = {isa = PBXFileReference; fileEncoding = 4; lastKnownFileType = sourcecode.c.objc; path = Clip.m; sourceTree = "<group>"; };
		9283EE201B686ADD004A553B /* Project.h */ = {isa = PBXFileReference; fileEncoding = 4; lastKnownFileType = sourcecode.c.h; path = Project.h; sourceTree = "<group>"; };
		9283EE211B686ADD004A553B /* Project.m */ = {isa = PBXFileReference; fileEncoding = 4; lastKnownFileType = sourcecode.c.objc; path = Project.m; sourceTree = "<group>"; };
		9289842C1B728F1500D6FB6F /* Activity.h */ = {isa = PBXFileReference; fileEncoding = 4; lastKnownFileType = sourcecode.c.h; path = Activity.h; sourceTree = "<group>"; };
		9289842D1B728F1500D6FB6F /* Activity.m */ = {isa = PBXFileReference; fileEncoding = 4; lastKnownFileType = sourcecode.c.objc; path = Activity.m; sourceTree = "<group>"; };
		9289842F1B729E6300D6FB6F /* AlbumShare.h */ = {isa = PBXFileReference; fileEncoding = 4; lastKnownFileType = sourcecode.c.h; path = AlbumShare.h; sourceTree = "<group>"; };
		928984301B729E6300D6FB6F /* AlbumShare.m */ = {isa = PBXFileReference; fileEncoding = 4; lastKnownFileType = sourcecode.c.objc; path = AlbumShare.m; sourceTree = "<group>"; };
		928984331B729E9D00D6FB6F /* ClipShare.h */ = {isa = PBXFileReference; fileEncoding = 4; lastKnownFileType = sourcecode.c.h; path = ClipShare.h; sourceTree = "<group>"; };
		928984341B729E9D00D6FB6F /* ClipShare.m */ = {isa = PBXFileReference; fileEncoding = 4; lastKnownFileType = sourcecode.c.objc; path = ClipShare.m; sourceTree = "<group>"; };
		928984361B729EAF00D6FB6F /* ProjectClassified.h */ = {isa = PBXFileReference; fileEncoding = 4; lastKnownFileType = sourcecode.c.h; path = ProjectClassified.h; sourceTree = "<group>"; };
		928984371B729EAF00D6FB6F /* ProjectClassified.m */ = {isa = PBXFileReference; fileEncoding = 4; lastKnownFileType = sourcecode.c.objc; path = ProjectClassified.m; sourceTree = "<group>"; };
		928984391B729EBF00D6FB6F /* ProjectShare.h */ = {isa = PBXFileReference; fileEncoding = 4; lastKnownFileType = sourcecode.c.h; path = ProjectShare.h; sourceTree = "<group>"; };
		9289843A1B729EBF00D6FB6F /* ProjectShare.m */ = {isa = PBXFileReference; fileEncoding = 4; lastKnownFileType = sourcecode.c.objc; path = ProjectShare.m; sourceTree = "<group>"; };
		9289843C1B729EF800D6FB6F /* UserClassified.h */ = {isa = PBXFileReference; fileEncoding = 4; lastKnownFileType = sourcecode.c.h; path = UserClassified.h; sourceTree = "<group>"; };
		9289843D1B729EF800D6FB6F /* UserClassified.m */ = {isa = PBXFileReference; fileEncoding = 4; lastKnownFileType = sourcecode.c.objc; path = UserClassified.m; sourceTree = "<group>"; };
		9289843F1B7463A400D6FB6F /* Doc.h */ = {isa = PBXFileReference; fileEncoding = 4; lastKnownFileType = sourcecode.c.h; path = Doc.h; sourceTree = "<group>"; };
		928984401B7463A400D6FB6F /* Doc.m */ = {isa = PBXFileReference; fileEncoding = 4; lastKnownFileType = sourcecode.c.objc; path = Doc.m; sourceTree = "<group>"; };
		929B70B61B5D3FC000264D32 /* Nebulus.app */ = {isa = PBXFileReference; explicitFileType = wrapper.application; includeInIndex = 0; path = Nebulus.app; sourceTree = BUILT_PRODUCTS_DIR; };
		929B70BA1B5D3FC000264D32 /* Info.plist */ = {isa = PBXFileReference; lastKnownFileType = text.plist.xml; path = Info.plist; sourceTree = "<group>"; };
		929B70BB1B5D3FC000264D32 /* main.m */ = {isa = PBXFileReference; lastKnownFileType = sourcecode.c.objc; path = main.m; sourceTree = "<group>"; };
		929B70BD1B5D3FC000264D32 /* AppDelegate.h */ = {isa = PBXFileReference; lastKnownFileType = sourcecode.c.h; path = AppDelegate.h; sourceTree = "<group>"; };
		929B70BE1B5D3FC000264D32 /* AppDelegate.m */ = {isa = PBXFileReference; lastKnownFileType = sourcecode.c.objc; path = AppDelegate.m; sourceTree = "<group>"; };
		929B70C31B5D3FC000264D32 /* SecondViewController.h */ = {isa = PBXFileReference; lastKnownFileType = sourcecode.c.h; path = SecondViewController.h; sourceTree = "<group>"; };
		929B70C41B5D3FC000264D32 /* SecondViewController.m */ = {isa = PBXFileReference; lastKnownFileType = sourcecode.c.objc; path = SecondViewController.m; sourceTree = "<group>"; };
		929B70C71B5D3FC000264D32 /* Base */ = {isa = PBXFileReference; lastKnownFileType = file.storyboard; name = Base; path = Base.lproj/Main.storyboard; sourceTree = "<group>"; };
		929B70C91B5D3FC000264D32 /* Images.xcassets */ = {isa = PBXFileReference; lastKnownFileType = folder.assetcatalog; path = Images.xcassets; sourceTree = "<group>"; };
		929B70CC1B5D3FC000264D32 /* Base */ = {isa = PBXFileReference; lastKnownFileType = file.xib; name = Base; path = Base.lproj/LaunchScreen.xib; sourceTree = "<group>"; };
		929B70D21B5D3FC000264D32 /* NebulusTests.xctest */ = {isa = PBXFileReference; explicitFileType = wrapper.cfbundle; includeInIndex = 0; path = NebulusTests.xctest; sourceTree = BUILT_PRODUCTS_DIR; };
		929B70D71B5D3FC000264D32 /* Info.plist */ = {isa = PBXFileReference; lastKnownFileType = text.plist.xml; path = Info.plist; sourceTree = "<group>"; };
		929B70D81B5D3FC000264D32 /* NebulusTests.m */ = {isa = PBXFileReference; lastKnownFileType = sourcecode.c.objc; path = NebulusTests.m; sourceTree = "<group>"; };
		929B70E21B5D48AC00264D32 /* LoginViewController.h */ = {isa = PBXFileReference; fileEncoding = 4; lastKnownFileType = sourcecode.c.h; path = LoginViewController.h; sourceTree = "<group>"; };
		929B70E31B5D48AC00264D32 /* LoginViewController.m */ = {isa = PBXFileReference; fileEncoding = 4; lastKnownFileType = sourcecode.c.objc; path = LoginViewController.m; sourceTree = "<group>"; };
		929DA6391B6A91AA00F2663C /* MusicHttpClient.h */ = {isa = PBXFileReference; fileEncoding = 4; lastKnownFileType = sourcecode.c.h; path = MusicHttpClient.h; sourceTree = "<group>"; };
		929DA63A1B6A91AA00F2663C /* MusicHttpClient.m */ = {isa = PBXFileReference; fileEncoding = 4; lastKnownFileType = sourcecode.c.objc; path = MusicHttpClient.m; sourceTree = "<group>"; };
		92A574B41B62D20F0015032B /* UserHttpClient.h */ = {isa = PBXFileReference; fileEncoding = 4; lastKnownFileType = sourcecode.c.h; path = UserHttpClient.h; sourceTree = "<group>"; };
		92A574B51B62D20F0015032B /* UserHttpClient.m */ = {isa = PBXFileReference; fileEncoding = 4; lastKnownFileType = sourcecode.c.objc; path = UserHttpClient.m; sourceTree = "<group>"; };
		92A574F51B655CAB0015032B /* Model.h */ = {isa = PBXFileReference; fileEncoding = 4; lastKnownFileType = sourcecode.c.h; path = Model.h; sourceTree = "<group>"; };
		92A574F61B655CAB0015032B /* Model.m */ = {isa = PBXFileReference; fileEncoding = 4; lastKnownFileType = sourcecode.c.objc; path = Model.m; sourceTree = "<group>"; };
		92A574F81B655CD70015032B /* User.h */ = {isa = PBXFileReference; fileEncoding = 4; lastKnownFileType = sourcecode.c.h; path = User.h; sourceTree = "<group>"; };
		92A574F91B655CD70015032B /* User.m */ = {isa = PBXFileReference; fileEncoding = 4; lastKnownFileType = sourcecode.c.objc; path = User.m; sourceTree = "<group>"; };
		92A574FB1B6857910015032B /* Album.h */ = {isa = PBXFileReference; lastKnownFileType = sourcecode.c.h; path = Album.h; sourceTree = "<group>"; };
		92A574FC1B6857AA0015032B /* Album.m */ = {isa = PBXFileReference; fileEncoding = 4; lastKnownFileType = sourcecode.c.objc; path = Album.m; sourceTree = "<group>"; };
		92ED7E151B7A834C0015E6BB /* RecordingHttpClient.h */ = {isa = PBXFileReference; fileEncoding = 4; lastKnownFileType = sourcecode.c.h; path = RecordingHttpClient.h; sourceTree = "<group>"; };
		92ED7E161B7A834C0015E6BB /* RecordingHttpClient.m */ = {isa = PBXFileReference; fileEncoding = 4; lastKnownFileType = sourcecode.c.objc; path = RecordingHttpClient.m; sourceTree = "<group>"; };
		92ED7E181B7C37EE0015E6BB /* ProjectHttpClient.h */ = {isa = PBXFileReference; fileEncoding = 4; lastKnownFileType = sourcecode.c.h; path = ProjectHttpClient.h; sourceTree = "<group>"; };
		92ED7E191B7C37EE0015E6BB /* ProjectHttpClient.m */ = {isa = PBXFileReference; fileEncoding = 4; lastKnownFileType = sourcecode.c.objc; path = ProjectHttpClient.m; sourceTree = "<group>"; };
		92ED7E1C1B7D223E0015E6BB /* Notification.h */ = {isa = PBXFileReference; fileEncoding = 4; lastKnownFileType = sourcecode.c.h; path = Notification.h; sourceTree = "<group>"; };
		92ED7E1D1B7D223E0015E6BB /* Notification.m */ = {isa = PBXFileReference; fileEncoding = 4; lastKnownFileType = sourcecode.c.objc; path = Notification.m; sourceTree = "<group>"; };
		92F158C81B782E46005C84C8 /* Comment.h */ = {isa = PBXFileReference; fileEncoding = 4; lastKnownFileType = sourcecode.c.h; path = Comment.h; sourceTree = "<group>"; };
		92F158C91B782E46005C84C8 /* Comment.m */ = {isa = PBXFileReference; fileEncoding = 4; lastKnownFileType = sourcecode.c.objc; path = Comment.m; sourceTree = "<group>"; };
		92F158CB1B783219005C84C8 /* Task.h */ = {isa = PBXFileReference; fileEncoding = 4; lastKnownFileType = sourcecode.c.h; path = Task.h; sourceTree = "<group>"; };
		92F158CC1B783219005C84C8 /* Task.m */ = {isa = PBXFileReference; fileEncoding = 4; lastKnownFileType = sourcecode.c.objc; path = Task.m; sourceTree = "<group>"; };
		92F158CE1B783CE9005C84C8 /* Like.h */ = {isa = PBXFileReference; fileEncoding = 4; lastKnownFileType = sourcecode.c.h; path = Like.h; sourceTree = "<group>"; };
		92F158CF1B783CE9005C84C8 /* Like.m */ = {isa = PBXFileReference; fileEncoding = 4; lastKnownFileType = sourcecode.c.objc; path = Like.m; sourceTree = "<group>"; };
		92F158D11B783D01005C84C8 /* Arrangement.h */ = {isa = PBXFileReference; fileEncoding = 4; lastKnownFileType = sourcecode.c.h; path = Arrangement.h; sourceTree = "<group>"; };
		92F158D21B783D01005C84C8 /* Arrangement.m */ = {isa = PBXFileReference; fileEncoding = 4; lastKnownFileType = sourcecode.c.objc; path = Arrangement.m; sourceTree = "<group>"; };
		981F9B911B670EFB00031869 /* FollowViewController.h */ = {isa = PBXFileReference; fileEncoding = 4; lastKnownFileType = sourcecode.c.h; path = FollowViewController.h; sourceTree = "<group>"; };
		981F9B921B670EFB00031869 /* FollowViewController.m */ = {isa = PBXFileReference; fileEncoding = 4; lastKnownFileType = sourcecode.c.objc; path = FollowViewController.m; sourceTree = "<group>"; };
		983261F31B7978DF000FE97A /* CollaboratorsViewController.h */ = {isa = PBXFileReference; fileEncoding = 4; lastKnownFileType = sourcecode.c.h; path = CollaboratorsViewController.h; sourceTree = "<group>"; };
		983261F41B7978DF000FE97A /* CollaboratorsViewController.m */ = {isa = PBXFileReference; fileEncoding = 4; lastKnownFileType = sourcecode.c.objc; path = CollaboratorsViewController.m; sourceTree = "<group>"; };
		9889F0FD1B72FB9E00685E18 /* TimelineViewController.h */ = {isa = PBXFileReference; fileEncoding = 4; lastKnownFileType = sourcecode.c.h; path = TimelineViewController.h; sourceTree = "<group>"; };
		9889F0FE1B72FB9E00685E18 /* TimelineViewController.m */ = {isa = PBXFileReference; fileEncoding = 4; lastKnownFileType = sourcecode.c.objc; path = TimelineViewController.m; sourceTree = "<group>"; };
		9893D9A81B695D210033ED33 /* OtherProfileViewController.h */ = {isa = PBXFileReference; fileEncoding = 4; lastKnownFileType = sourcecode.c.h; path = OtherProfileViewController.h; sourceTree = "<group>"; };
		9893D9A91B695D210033ED33 /* OtherProfileViewController.m */ = {isa = PBXFileReference; fileEncoding = 4; lastKnownFileType = sourcecode.c.objc; path = OtherProfileViewController.m; sourceTree = "<group>"; };
		98C9472B1B629842000E0CB8 /* ProfileDetailViewController.h */ = {isa = PBXFileReference; fileEncoding = 4; lastKnownFileType = sourcecode.c.h; path = ProfileDetailViewController.h; sourceTree = "<group>"; };
		98C9472C1B629842000E0CB8 /* ProfileDetailViewController.m */ = {isa = PBXFileReference; fileEncoding = 4; lastKnownFileType = sourcecode.c.objc; path = ProfileDetailViewController.m; sourceTree = "<group>"; };
		98C947311B62D5B8000E0CB8 /* ProfileViewController.h */ = {isa = PBXFileReference; fileEncoding = 4; lastKnownFileType = sourcecode.c.h; path = ProfileViewController.h; sourceTree = "<group>"; };
		98C947321B62D5B8000E0CB8 /* ProfileViewController.m */ = {isa = PBXFileReference; fileEncoding = 4; lastKnownFileType = sourcecode.c.objc; path = ProfileViewController.m; sourceTree = "<group>"; };
		98DFE11D1B759A7000C1DBDE /* AlbumProjectViewController.h */ = {isa = PBXFileReference; fileEncoding = 4; lastKnownFileType = sourcecode.c.h; path = AlbumProjectViewController.h; sourceTree = "<group>"; };
		98DFE11E1B759A7000C1DBDE /* AlbumProjectViewController.m */ = {isa = PBXFileReference; fileEncoding = 4; lastKnownFileType = sourcecode.c.objc; path = AlbumProjectViewController.m; sourceTree = "<group>"; };
		98DFE1211B75B2F600C1DBDE /* ModifyViewController.h */ = {isa = PBXFileReference; fileEncoding = 4; lastKnownFileType = sourcecode.c.h; path = ModifyViewController.h; sourceTree = "<group>"; };
		98DFE1221B75B2F600C1DBDE /* ModifyViewController.m */ = {isa = PBXFileReference; fileEncoding = 4; lastKnownFileType = sourcecode.c.objc; path = ModifyViewController.m; sourceTree = "<group>"; };
		98FF60C91B69B52F00DE90B4 /* SearchViewController.h */ = {isa = PBXFileReference; fileEncoding = 4; lastKnownFileType = sourcecode.c.h; path = SearchViewController.h; sourceTree = "<group>"; };
		98FF60CA1B69B52F00DE90B4 /* SearchViewController.m */ = {isa = PBXFileReference; fileEncoding = 4; lastKnownFileType = sourcecode.c.objc; path = SearchViewController.m; sourceTree = "<group>"; };
		AFE597FB1B6333DA00ED0520 /* CreateProjectAlbumViewController.m */ = {isa = PBXFileReference; fileEncoding = 4; lastKnownFileType = sourcecode.c.objc; path = CreateProjectAlbumViewController.m; sourceTree = "<group>"; };
		AFE597FD1B6333E300ED0520 /* CreateProjectAlbumViewController.h */ = {isa = PBXFileReference; lastKnownFileType = sourcecode.c.h; path = CreateProjectAlbumViewController.h; sourceTree = "<group>"; };
/* End PBXFileReference section */

/* Begin PBXFrameworksBuildPhase section */
		929B70B31B5D3FC000264D32 /* Frameworks */ = {
			isa = PBXFrameworksBuildPhase;
			buildActionMask = 2147483647;
			files = (
				848660821B615916000D849B /* AVFoundation.framework in Frameworks */,
			);
			runOnlyForDeploymentPostprocessing = 0;
		};
		929B70CF1B5D3FC000264D32 /* Frameworks */ = {
			isa = PBXFrameworksBuildPhase;
			buildActionMask = 2147483647;
			files = (
			);
			runOnlyForDeploymentPostprocessing = 0;
		};
/* End PBXFrameworksBuildPhase section */

/* Begin PBXGroup section */
		8430F41C1B6A942C00CB2EE0 /* EZAudio */ = {
			isa = PBXGroup;
			children = (
				8430F41D1B6A943800CB2EE0 /* EZAudio.h */,
				8430F41E1B6A943800CB2EE0 /* EZAudio.m */,
				8430F41F1B6A943800CB2EE0 /* EZAudioDevice.h */,
				8430F4201B6A943800CB2EE0 /* EZAudioDevice.m */,
				8430F4211B6A943800CB2EE0 /* EZAudioDisplayLink.h */,
				8430F4221B6A943800CB2EE0 /* EZAudioDisplayLink.m */,
				8430F4231B6A943800CB2EE0 /* EZAudioFFT.h */,
				8430F4241B6A943800CB2EE0 /* EZAudioFFT.m */,
				8430F4251B6A943800CB2EE0 /* EZAudioFile.h */,
				8430F4261B6A943800CB2EE0 /* EZAudioFile.m */,
				8430F4271B6A943800CB2EE0 /* EZAudioFloatConverter.h */,
				8430F4281B6A943800CB2EE0 /* EZAudioFloatConverter.m */,
				8430F4291B6A943800CB2EE0 /* EZAudioFloatData.h */,
				8430F42A1B6A943800CB2EE0 /* EZAudioFloatData.m */,
				8430F42B1B6A943800CB2EE0 /* EZAudioPlayer.h */,
				8430F42C1B6A943800CB2EE0 /* EZAudioPlayer.m */,
				8430F42D1B6A943800CB2EE0 /* EZAudioPlot.h */,
				8430F42E1B6A943800CB2EE0 /* EZAudioPlot.m */,
				8430F42F1B6A943800CB2EE0 /* EZAudioPlotGL.h */,
				8430F4301B6A943800CB2EE0 /* EZAudioPlotGL.m */,
				8430F4311B6A943800CB2EE0 /* EZAudioUtilities.h */,
				8430F4321B6A943800CB2EE0 /* EZAudioUtilities.m */,
				8430F4331B6A943800CB2EE0 /* EZMicrophone.h */,
				8430F4341B6A943800CB2EE0 /* EZMicrophone.m */,
				8430F4351B6A943800CB2EE0 /* EZOutput.h */,
				8430F4361B6A943800CB2EE0 /* EZOutput.m */,
				8430F4371B6A943800CB2EE0 /* EZPlot.h */,
				8430F4381B6A943800CB2EE0 /* EZPlot.m */,
				8430F4391B6A943800CB2EE0 /* EZRecorder.h */,
				8430F43A1B6A943800CB2EE0 /* EZRecorder.m */,
				8430F43B1B6A943800CB2EE0 /* TPCircularBuffer.c */,
				8430F43C1B6A943800CB2EE0 /* TPCircularBuffer.h */,
			);
			name = EZAudio;
			sourceTree = "<group>";
		};
		928984321B729E6A00D6FB6F /* Activity */ = {
			isa = PBXGroup;
			children = (
				9289842C1B728F1500D6FB6F /* Activity.h */,
				9289842D1B728F1500D6FB6F /* Activity.m */,
				9289842F1B729E6300D6FB6F /* AlbumShare.h */,
				928984301B729E6300D6FB6F /* AlbumShare.m */,
				928984331B729E9D00D6FB6F /* ClipShare.h */,
				928984341B729E9D00D6FB6F /* ClipShare.m */,
				928984361B729EAF00D6FB6F /* ProjectClassified.h */,
				928984371B729EAF00D6FB6F /* ProjectClassified.m */,
				928984391B729EBF00D6FB6F /* ProjectShare.h */,
				9289843A1B729EBF00D6FB6F /* ProjectShare.m */,
				9289843C1B729EF800D6FB6F /* UserClassified.h */,
				9289843D1B729EF800D6FB6F /* UserClassified.m */,
			);
			name = Activity;
			sourceTree = "<group>";
		};
		929B70AD1B5D3FC000264D32 = {
			isa = PBXGroup;
			children = (
				848660811B615916000D849B /* AVFoundation.framework */,
				929B70B81B5D3FC000264D32 /* Nebulus */,
				929B70D51B5D3FC000264D32 /* NebulusTests */,
				929B70B71B5D3FC000264D32 /* Products */,
			);
			sourceTree = "<group>";
		};
		929B70B71B5D3FC000264D32 /* Products */ = {
			isa = PBXGroup;
			children = (
				929B70B61B5D3FC000264D32 /* Nebulus.app */,
				929B70D21B5D3FC000264D32 /* NebulusTests.xctest */,
			);
			name = Products;
			sourceTree = "<group>";
		};
		929B70B81B5D3FC000264D32 /* Nebulus */ = {
			isa = PBXGroup;
			children = (
				847412681B7D768F009EA92E /* RecordSettingViewController.h */,
				847412691B7D768F009EA92E /* RecordSettingViewController.m */,
				847412581B7D6EB7009EA92E /* APLMoveMeView.h */,
				847412591B7D6EB7009EA92E /* APLMoveMeView.m */,
				8474125A1B7D6EB7009EA92E /* simple-drum-beat.wav */,
				8474125B1B7D6EB7009EA92E /* ViewProjectViewController.h */,
				8474125C1B7D6EB7009EA92E /* ViewProjectViewController.m */,
				8474125D1B7D6EB7009EA92E /* WaveformFromFileViewController.h */,
				8474125E1B7D6EB7009EA92E /* WaveformFromFileViewController.m */,
				92ED7E1B1B7D20450015E6BB /* HttpClient */,
				92A574AD1B62BDC70015032B /* Model */,
				8430F41C1B6A942C00CB2EE0 /* EZAudio */,
				8430F4191B6A941F00CB2EE0 /* RecordViewController.h */,
				8430F41A1B6A941F00CB2EE0 /* RecordViewController.m */,
				929B70E21B5D48AC00264D32 /* LoginViewController.h */,
				929B70E31B5D48AC00264D32 /* LoginViewController.m */,
				929B70BD1B5D3FC000264D32 /* AppDelegate.h */,
				929B70BE1B5D3FC000264D32 /* AppDelegate.m */,
				929B70C31B5D3FC000264D32 /* SecondViewController.h */,
				929B70C41B5D3FC000264D32 /* SecondViewController.m */,
				929B70C61B5D3FC000264D32 /* Main.storyboard */,
				98DFE1201B759A9A00C1DBDE /* Profile */,
				9889F0FD1B72FB9E00685E18 /* TimelineViewController.h */,
				9889F0FE1B72FB9E00685E18 /* TimelineViewController.m */,
				98FF60C91B69B52F00DE90B4 /* SearchViewController.h */,
				98FF60CA1B69B52F00DE90B4 /* SearchViewController.m */,
				929B70C91B5D3FC000264D32 /* Images.xcassets */,
				929B70CB1B5D3FC000264D32 /* LaunchScreen.xib */,
				929B70B91B5D3FC000264D32 /* Supporting Files */,
			);
			path = Nebulus;
			sourceTree = "<group>";
		};
		929B70B91B5D3FC000264D32 /* Supporting Files */ = {
			isa = PBXGroup;
			children = (
				929B70BA1B5D3FC000264D32 /* Info.plist */,
				929B70BB1B5D3FC000264D32 /* main.m */,
			);
			name = "Supporting Files";
			sourceTree = "<group>";
		};
		929B70D51B5D3FC000264D32 /* NebulusTests */ = {
			isa = PBXGroup;
			children = (
				929B70D81B5D3FC000264D32 /* NebulusTests.m */,
				929B70D61B5D3FC000264D32 /* Supporting Files */,
			);
			path = NebulusTests;
			sourceTree = "<group>";
		};
		929B70D61B5D3FC000264D32 /* Supporting Files */ = {
			isa = PBXGroup;
			children = (
				929B70D71B5D3FC000264D32 /* Info.plist */,
			);
			name = "Supporting Files";
			sourceTree = "<group>";
		};
		92A574AD1B62BDC70015032B /* Model */ = {
			isa = PBXGroup;
			children = (
				928984321B729E6A00D6FB6F /* Activity */,
				92F158CE1B783CE9005C84C8 /* Like.h */,
				92F158CF1B783CE9005C84C8 /* Like.m */,
				92A574F51B655CAB0015032B /* Model.h */,
				92A574F61B655CAB0015032B /* Model.m */,
				92A574F81B655CD70015032B /* User.h */,
				92A574F91B655CD70015032B /* User.m */,
				92A574FB1B6857910015032B /* Album.h */,
				92A574FC1B6857AA0015032B /* Album.m */,
				9283EE201B686ADD004A553B /* Project.h */,
				9283EE211B686ADD004A553B /* Project.m */,
				9283EE1D1B686AC8004A553B /* Clip.h */,
				9283EE1E1B686AC8004A553B /* Clip.m */,
				9289843F1B7463A400D6FB6F /* Doc.h */,
				928984401B7463A400D6FB6F /* Doc.m */,
				92F158C81B782E46005C84C8 /* Comment.h */,
				92F158C91B782E46005C84C8 /* Comment.m */,
				92F158CB1B783219005C84C8 /* Task.h */,
				92F158CC1B783219005C84C8 /* Task.m */,
				92F158D11B783D01005C84C8 /* Arrangement.h */,
				92F158D21B783D01005C84C8 /* Arrangement.m */,
				92ED7E1C1B7D223E0015E6BB /* Notification.h */,
				92ED7E1D1B7D223E0015E6BB /* Notification.m */,
			);
			name = Model;
			sourceTree = "<group>";
		};
		92ED7E1B1B7D20450015E6BB /* HttpClient */ = {
			isa = PBXGroup;
			children = (
				92A574B41B62D20F0015032B /* UserHttpClient.h */,
				92A574B51B62D20F0015032B /* UserHttpClient.m */,
				929DA6391B6A91AA00F2663C /* MusicHttpClient.h */,
				929DA63A1B6A91AA00F2663C /* MusicHttpClient.m */,
				92ED7E181B7C37EE0015E6BB /* ProjectHttpClient.h */,
				92ED7E191B7C37EE0015E6BB /* ProjectHttpClient.m */,
				92ED7E151B7A834C0015E6BB /* RecordingHttpClient.h */,
				92ED7E161B7A834C0015E6BB /* RecordingHttpClient.m */,
			);
			name = HttpClient;
			sourceTree = "<group>";
		};
		98DFE1201B759A9A00C1DBDE /* Profile */ = {
			isa = PBXGroup;
			children = (
				983261F31B7978DF000FE97A /* CollaboratorsViewController.h */,
				983261F41B7978DF000FE97A /* CollaboratorsViewController.m */,
				98DFE1211B75B2F600C1DBDE /* ModifyViewController.h */,
				98DFE1221B75B2F600C1DBDE /* ModifyViewController.m */,
				98DFE11D1B759A7000C1DBDE /* AlbumProjectViewController.h */,
				98DFE11E1B759A7000C1DBDE /* AlbumProjectViewController.m */,
				9893D9A81B695D210033ED33 /* OtherProfileViewController.h */,
				9893D9A91B695D210033ED33 /* OtherProfileViewController.m */,
				98C9472B1B629842000E0CB8 /* ProfileDetailViewController.h */,
				98C9472C1B629842000E0CB8 /* ProfileDetailViewController.m */,
				98C947311B62D5B8000E0CB8 /* ProfileViewController.h */,
				98C947321B62D5B8000E0CB8 /* ProfileViewController.m */,
				981F9B911B670EFB00031869 /* FollowViewController.h */,
				981F9B921B670EFB00031869 /* FollowViewController.m */,
				AFE597FB1B6333DA00ED0520 /* CreateProjectAlbumViewController.m */,
				AFE597FD1B6333E300ED0520 /* CreateProjectAlbumViewController.h */,
			);
			name = Profile;
			sourceTree = "<group>";
		};
/* End PBXGroup section */

/* Begin PBXNativeTarget section */
		929B70B51B5D3FC000264D32 /* Nebulus */ = {
			isa = PBXNativeTarget;
			buildConfigurationList = 929B70DC1B5D3FC000264D32 /* Build configuration list for PBXNativeTarget "Nebulus" */;
			buildPhases = (
				929B70B21B5D3FC000264D32 /* Sources */,
				929B70B31B5D3FC000264D32 /* Frameworks */,
				929B70B41B5D3FC000264D32 /* Resources */,
			);
			buildRules = (
			);
			dependencies = (
			);
			name = Nebulus;
			productName = Nebulus;
			productReference = 929B70B61B5D3FC000264D32 /* Nebulus.app */;
			productType = "com.apple.product-type.application";
		};
		929B70D11B5D3FC000264D32 /* NebulusTests */ = {
			isa = PBXNativeTarget;
			buildConfigurationList = 929B70DF1B5D3FC000264D32 /* Build configuration list for PBXNativeTarget "NebulusTests" */;
			buildPhases = (
				929B70CE1B5D3FC000264D32 /* Sources */,
				929B70CF1B5D3FC000264D32 /* Frameworks */,
				929B70D01B5D3FC000264D32 /* Resources */,
			);
			buildRules = (
			);
			dependencies = (
				929B70D41B5D3FC000264D32 /* PBXTargetDependency */,
			);
			name = NebulusTests;
			productName = NebulusTests;
			productReference = 929B70D21B5D3FC000264D32 /* NebulusTests.xctest */;
			productType = "com.apple.product-type.bundle.unit-test";
		};
/* End PBXNativeTarget section */

/* Begin PBXProject section */
		929B70AE1B5D3FC000264D32 /* Project object */ = {
			isa = PBXProject;
			attributes = {
				LastUpgradeCheck = 0640;
				ORGANIZATIONNAME = "CMU-eBiz";
				TargetAttributes = {
					929B70B51B5D3FC000264D32 = {
						CreatedOnToolsVersion = 6.4;
						DevelopmentTeam = 9VUC3R8D65;
					};
					929B70D11B5D3FC000264D32 = {
						CreatedOnToolsVersion = 6.4;
						TestTargetID = 929B70B51B5D3FC000264D32;
					};
				};
			};
			buildConfigurationList = 929B70B11B5D3FC000264D32 /* Build configuration list for PBXProject "Nebulus" */;
			compatibilityVersion = "Xcode 3.2";
			developmentRegion = English;
			hasScannedForEncodings = 0;
			knownRegions = (
				en,
				Base,
			);
			mainGroup = 929B70AD1B5D3FC000264D32;
			productRefGroup = 929B70B71B5D3FC000264D32 /* Products */;
			projectDirPath = "";
			projectRoot = "";
			targets = (
				929B70B51B5D3FC000264D32 /* Nebulus */,
				929B70D11B5D3FC000264D32 /* NebulusTests */,
			);
		};
/* End PBXProject section */

/* Begin PBXResourcesBuildPhase section */
		929B70B41B5D3FC000264D32 /* Resources */ = {
			isa = PBXResourcesBuildPhase;
			buildActionMask = 2147483647;
			files = (
				847412601B7D6EB7009EA92E /* simple-drum-beat.wav in Resources */,
				929B70C81B5D3FC000264D32 /* Main.storyboard in Resources */,
				929B70CD1B5D3FC000264D32 /* LaunchScreen.xib in Resources */,
				929B70CA1B5D3FC000264D32 /* Images.xcassets in Resources */,
			);
			runOnlyForDeploymentPostprocessing = 0;
		};
		929B70D01B5D3FC000264D32 /* Resources */ = {
			isa = PBXResourcesBuildPhase;
			buildActionMask = 2147483647;
			files = (
			);
			runOnlyForDeploymentPostprocessing = 0;
		};
/* End PBXResourcesBuildPhase section */

/* Begin PBXSourcesBuildPhase section */
		929B70B21B5D3FC000264D32 /* Sources */ = {
			isa = PBXSourcesBuildPhase;
			buildActionMask = 2147483647;
			files = (
				8430F44B1B6A943800CB2EE0 /* EZRecorder.m in Sources */,
				8430F4401B6A943800CB2EE0 /* EZAudioFFT.m in Sources */,
				9289843B1B729EBF00D6FB6F /* ProjectShare.m in Sources */,
				8430F4411B6A943800CB2EE0 /* EZAudioFile.m in Sources */,
				8474126A1B7D768F009EA92E /* RecordSettingViewController.m in Sources */,
				92F158CD1B783219005C84C8 /* Task.m in Sources */,
				929B70C51B5D3FC000264D32 /* SecondViewController.m in Sources */,
				AFE597FC1B6333DA00ED0520 /* CreateProjectAlbumViewController.m in Sources */,
				847412621B7D6EB7009EA92E /* WaveformFromFileViewController.m in Sources */,
				9283EE221B686ADD004A553B /* Project.m in Sources */,
				92F158D01B783CE9005C84C8 /* Like.m in Sources */,
				929B70BF1B5D3FC000264D32 /* AppDelegate.m in Sources */,
				8430F43F1B6A943800CB2EE0 /* EZAudioDisplayLink.m in Sources */,
				9289843E1B729EF800D6FB6F /* UserClassified.m in Sources */,
				981F9B931B670EFB00031869 /* FollowViewController.m in Sources */,
				928984351B729E9D00D6FB6F /* ClipShare.m in Sources */,
				9893D9AA1B695D210033ED33 /* OtherProfileViewController.m in Sources */,
				8430F44A1B6A943800CB2EE0 /* EZPlot.m in Sources */,
				98DFE11F1B759A7000C1DBDE /* AlbumProjectViewController.m in Sources */,
				8430F4431B6A943800CB2EE0 /* EZAudioFloatData.m in Sources */,
				8430F43D1B6A943800CB2EE0 /* EZAudio.m in Sources */,
				98C947331B62D5B8000E0CB8 /* ProfileViewController.m in Sources */,
				92A574FA1B655CD70015032B /* User.m in Sources */,
				9289842E1B728F1500D6FB6F /* Activity.m in Sources */,
				928984381B729EAF00D6FB6F /* ProjectClassified.m in Sources */,
				AFE597F31B6322B900ED0520 /* (null) in Sources */,
				92A574B61B62D20F0015032B /* UserHttpClient.m in Sources */,
				8430F44C1B6A943800CB2EE0 /* TPCircularBuffer.c in Sources */,
				8430F4441B6A943800CB2EE0 /* EZAudioPlayer.m in Sources */,
				9283EE1F1B686AC8004A553B /* Clip.m in Sources */,
				8430F4451B6A943800CB2EE0 /* EZAudioPlot.m in Sources */,
				8430F41B1B6A941F00CB2EE0 /* RecordViewController.m in Sources */,
				92ED7E1E1B7D223E0015E6BB /* Notification.m in Sources */,
				9889F0FF1B72FB9E00685E18 /* TimelineViewController.m in Sources */,
				8430F43E1B6A943800CB2EE0 /* EZAudioDevice.m in Sources */,
				98FF60CB1B69B52F00DE90B4 /* SearchViewController.m in Sources */,
				8430F4491B6A943800CB2EE0 /* EZOutput.m in Sources */,
				AFE597BC1B62E22100ED0520 /* (null) in Sources */,
				983261F51B7978DF000FE97A /* CollaboratorsViewController.m in Sources */,
				98C9472D1B629842000E0CB8 /* ProfileDetailViewController.m in Sources */,
				8474125F1B7D6EB7009EA92E /* APLMoveMeView.m in Sources */,
				8430F4461B6A943800CB2EE0 /* EZAudioPlotGL.m in Sources */,
				8430F4471B6A943800CB2EE0 /* EZAudioUtilities.m in Sources */,
				8430F4421B6A943800CB2EE0 /* EZAudioFloatConverter.m in Sources */,
				92A574FD1B6857AA0015032B /* Album.m in Sources */,
				929DA63B1B6A91AA00F2663C /* MusicHttpClient.m in Sources */,
				928984411B7463A400D6FB6F /* Doc.m in Sources */,
				92ED7E1A1B7C37EE0015E6BB /* ProjectHttpClient.m in Sources */,
				98DFE1231B75B2F600C1DBDE /* ModifyViewController.m in Sources */,
				928984311B729E6300D6FB6F /* AlbumShare.m in Sources */,
				92A574F71B655CAB0015032B /* Model.m in Sources */,
				929B70BC1B5D3FC000264D32 /* main.m in Sources */,
				929B70E41B5D48AC00264D32 /* LoginViewController.m in Sources */,
				92ED7E171B7A834C0015E6BB /* RecordingHttpClient.m in Sources */,
				92F158CA1B782E46005C84C8 /* Comment.m in Sources */,
				92F158D31B783D01005C84C8 /* Arrangement.m in Sources */,
				8430F4481B6A943800CB2EE0 /* EZMicrophone.m in Sources */,
				847412611B7D6EB7009EA92E /* ViewProjectViewController.m in Sources */,
			);
			runOnlyForDeploymentPostprocessing = 0;
		};
		929B70CE1B5D3FC000264D32 /* Sources */ = {
			isa = PBXSourcesBuildPhase;
			buildActionMask = 2147483647;
			files = (
				929B70D91B5D3FC000264D32 /* NebulusTests.m in Sources */,
			);
			runOnlyForDeploymentPostprocessing = 0;
		};
/* End PBXSourcesBuildPhase section */

/* Begin PBXTargetDependency section */
		929B70D41B5D3FC000264D32 /* PBXTargetDependency */ = {
			isa = PBXTargetDependency;
			target = 929B70B51B5D3FC000264D32 /* Nebulus */;
			targetProxy = 929B70D31B5D3FC000264D32 /* PBXContainerItemProxy */;
		};
/* End PBXTargetDependency section */

/* Begin PBXVariantGroup section */
		929B70C61B5D3FC000264D32 /* Main.storyboard */ = {
			isa = PBXVariantGroup;
			children = (
				929B70C71B5D3FC000264D32 /* Base */,
			);
			name = Main.storyboard;
			sourceTree = "<group>";
		};
		929B70CB1B5D3FC000264D32 /* LaunchScreen.xib */ = {
			isa = PBXVariantGroup;
			children = (
				929B70CC1B5D3FC000264D32 /* Base */,
			);
			name = LaunchScreen.xib;
			sourceTree = "<group>";
		};
/* End PBXVariantGroup section */

/* Begin XCBuildConfiguration section */
		929B70DA1B5D3FC000264D32 /* Debug */ = {
			isa = XCBuildConfiguration;
			buildSettings = {
				ALWAYS_SEARCH_USER_PATHS = NO;
				CLANG_CXX_LANGUAGE_STANDARD = "compiler-default";
				CLANG_CXX_LIBRARY = "compiler-default";
				CLANG_ENABLE_MODULES = YES;
				CLANG_ENABLE_OBJC_ARC = YES;
				CLANG_WARN_BOOL_CONVERSION = YES;
				CLANG_WARN_CONSTANT_CONVERSION = YES;
				CLANG_WARN_DIRECT_OBJC_ISA_USAGE = YES_ERROR;
				CLANG_WARN_EMPTY_BODY = YES;
				CLANG_WARN_ENUM_CONVERSION = YES;
				CLANG_WARN_INT_CONVERSION = YES;
				CLANG_WARN_OBJC_ROOT_CLASS = YES_ERROR;
				CLANG_WARN_UNREACHABLE_CODE = YES;
				CLANG_WARN__DUPLICATE_METHOD_MATCH = YES;
				"CODE_SIGN_IDENTITY[sdk=iphoneos*]" = "iPhone Developer";
				COPY_PHASE_STRIP = NO;
				DEBUG_INFORMATION_FORMAT = "dwarf-with-dsym";
				ENABLE_STRICT_OBJC_MSGSEND = YES;
				GCC_C_LANGUAGE_STANDARD = "compiler-default";
				GCC_DYNAMIC_NO_PIC = NO;
				GCC_NO_COMMON_BLOCKS = YES;
				GCC_OPTIMIZATION_LEVEL = 0;
				GCC_PREPROCESSOR_DEFINITIONS = (
					"DEBUG=1",
					"$(inherited)",
				);
				GCC_SYMBOLS_PRIVATE_EXTERN = NO;
				GCC_WARN_64_TO_32_BIT_CONVERSION = YES;
				GCC_WARN_ABOUT_RETURN_TYPE = YES_ERROR;
				GCC_WARN_UNDECLARED_SELECTOR = YES;
				GCC_WARN_UNINITIALIZED_AUTOS = YES_AGGRESSIVE;
				GCC_WARN_UNUSED_FUNCTION = YES;
				GCC_WARN_UNUSED_VARIABLE = YES;
				IPHONEOS_DEPLOYMENT_TARGET = 8.4;
				MTL_ENABLE_DEBUG_INFO = YES;
				ONLY_ACTIVE_ARCH = YES;
				SDKROOT = iphoneos8.4;
			};
			name = Debug;
		};
		929B70DB1B5D3FC000264D32 /* Release */ = {
			isa = XCBuildConfiguration;
			buildSettings = {
				ALWAYS_SEARCH_USER_PATHS = NO;
				CLANG_CXX_LANGUAGE_STANDARD = "compiler-default";
				CLANG_CXX_LIBRARY = "compiler-default";
				CLANG_ENABLE_MODULES = YES;
				CLANG_ENABLE_OBJC_ARC = YES;
				CLANG_WARN_BOOL_CONVERSION = YES;
				CLANG_WARN_CONSTANT_CONVERSION = YES;
				CLANG_WARN_DIRECT_OBJC_ISA_USAGE = YES_ERROR;
				CLANG_WARN_EMPTY_BODY = YES;
				CLANG_WARN_ENUM_CONVERSION = YES;
				CLANG_WARN_INT_CONVERSION = YES;
				CLANG_WARN_OBJC_ROOT_CLASS = YES_ERROR;
				CLANG_WARN_UNREACHABLE_CODE = YES;
				CLANG_WARN__DUPLICATE_METHOD_MATCH = YES;
				"CODE_SIGN_IDENTITY[sdk=iphoneos*]" = "iPhone Developer";
				COPY_PHASE_STRIP = NO;
				DEBUG_INFORMATION_FORMAT = "dwarf-with-dsym";
				ENABLE_NS_ASSERTIONS = NO;
				ENABLE_STRICT_OBJC_MSGSEND = YES;
				GCC_C_LANGUAGE_STANDARD = "compiler-default";
				GCC_NO_COMMON_BLOCKS = YES;
				GCC_WARN_64_TO_32_BIT_CONVERSION = YES;
				GCC_WARN_ABOUT_RETURN_TYPE = YES_ERROR;
				GCC_WARN_UNDECLARED_SELECTOR = YES;
				GCC_WARN_UNINITIALIZED_AUTOS = YES_AGGRESSIVE;
				GCC_WARN_UNUSED_FUNCTION = YES;
				GCC_WARN_UNUSED_VARIABLE = YES;
				IPHONEOS_DEPLOYMENT_TARGET = 8.4;
				MTL_ENABLE_DEBUG_INFO = NO;
				ONLY_ACTIVE_ARCH = YES;
				SDKROOT = iphoneos8.4;
				VALIDATE_PRODUCT = YES;
			};
			name = Release;
		};
		929B70DD1B5D3FC000264D32 /* Debug */ = {
			isa = XCBuildConfiguration;
			buildSettings = {
				ASSETCATALOG_COMPILER_APPICON_NAME = AppIcon;
				CODE_SIGN_IDENTITY = "iPhone Developer";
				"CODE_SIGN_IDENTITY[sdk=iphoneos*]" = "iPhone Developer";
				INFOPLIST_FILE = Nebulus/Info.plist;
				IPHONEOS_DEPLOYMENT_TARGET = 8.3;
				LD_RUNPATH_SEARCH_PATHS = "$(inherited) @executable_path/Frameworks";
				PRODUCT_NAME = "$(TARGET_NAME)";
				PROVISIONING_PROFILE = "";
			};
			name = Debug;
		};
		929B70DE1B5D3FC000264D32 /* Release */ = {
			isa = XCBuildConfiguration;
			buildSettings = {
				ASSETCATALOG_COMPILER_APPICON_NAME = AppIcon;
				CODE_SIGN_IDENTITY = "iPhone Developer";
				"CODE_SIGN_IDENTITY[sdk=iphoneos*]" = "iPhone Developer";
				INFOPLIST_FILE = Nebulus/Info.plist;
				IPHONEOS_DEPLOYMENT_TARGET = 8.3;
				LD_RUNPATH_SEARCH_PATHS = "$(inherited) @executable_path/Frameworks";
				PRODUCT_NAME = "$(TARGET_NAME)";
				PROVISIONING_PROFILE = "";
			};
			name = Release;
		};
		929B70E01B5D3FC000264D32 /* Debug */ = {
			isa = XCBuildConfiguration;
			buildSettings = {
				BUNDLE_LOADER = "$(TEST_HOST)";
				FRAMEWORK_SEARCH_PATHS = (
					"$(SDKROOT)/Developer/Library/Frameworks",
					"$(inherited)",
				);
				GCC_PREPROCESSOR_DEFINITIONS = (
					"DEBUG=1",
					"$(inherited)",
				);
				INFOPLIST_FILE = NebulusTests/Info.plist;
				LD_RUNPATH_SEARCH_PATHS = "$(inherited) @executable_path/Frameworks @loader_path/Frameworks";
				PRODUCT_NAME = "$(TARGET_NAME)";
				TEST_HOST = "$(BUILT_PRODUCTS_DIR)/Nebulus.app/Nebulus";
			};
			name = Debug;
		};
		929B70E11B5D3FC000264D32 /* Release */ = {
			isa = XCBuildConfiguration;
			buildSettings = {
				BUNDLE_LOADER = "$(TEST_HOST)";
				FRAMEWORK_SEARCH_PATHS = (
					"$(SDKROOT)/Developer/Library/Frameworks",
					"$(inherited)",
				);
				INFOPLIST_FILE = NebulusTests/Info.plist;
				LD_RUNPATH_SEARCH_PATHS = "$(inherited) @executable_path/Frameworks @loader_path/Frameworks";
				PRODUCT_NAME = "$(TARGET_NAME)";
				TEST_HOST = "$(BUILT_PRODUCTS_DIR)/Nebulus.app/Nebulus";
			};
			name = Release;
		};
/* End XCBuildConfiguration section */

/* Begin XCConfigurationList section */
		929B70B11B5D3FC000264D32 /* Build configuration list for PBXProject "Nebulus" */ = {
			isa = XCConfigurationList;
			buildConfigurations = (
				929B70DA1B5D3FC000264D32 /* Debug */,
				929B70DB1B5D3FC000264D32 /* Release */,
			);
			defaultConfigurationIsVisible = 0;
			defaultConfigurationName = Release;
		};
		929B70DC1B5D3FC000264D32 /* Build configuration list for PBXNativeTarget "Nebulus" */ = {
			isa = XCConfigurationList;
			buildConfigurations = (
				929B70DD1B5D3FC000264D32 /* Debug */,
				929B70DE1B5D3FC000264D32 /* Release */,
			);
			defaultConfigurationIsVisible = 0;
			defaultConfigurationName = Release;
		};
		929B70DF1B5D3FC000264D32 /* Build configuration list for PBXNativeTarget "NebulusTests" */ = {
			isa = XCConfigurationList;
			buildConfigurations = (
				929B70E01B5D3FC000264D32 /* Debug */,
				929B70E11B5D3FC000264D32 /* Release */,
			);
			defaultConfigurationIsVisible = 0;
			defaultConfigurationName = Release;
		};
/* End XCConfigurationList section */
	};
	rootObject = 929B70AE1B5D3FC000264D32 /* Project object */;
}
