// !$*UTF8*$!
{
	archiveVersion = 1;
	classes = {
	};
	objectVersion = 46;
	objects = {

/* Begin PBXBuildFile section */
		848660801B615848000D849B /* RecordViewController.m in Sources */ = {isa = PBXBuildFile; fileRef = 8486607F1B615848000D849B /* RecordViewController.m */; };
		848660821B615916000D849B /* AVFoundation.framework in Frameworks */ = {isa = PBXBuildFile; fileRef = 848660811B615916000D849B /* AVFoundation.framework */; };
		929B70BC1B5D3FC000264D32 /* main.m in Sources */ = {isa = PBXBuildFile; fileRef = 929B70BB1B5D3FC000264D32 /* main.m */; };
		929B70BF1B5D3FC000264D32 /* AppDelegate.m in Sources */ = {isa = PBXBuildFile; fileRef = 929B70BE1B5D3FC000264D32 /* AppDelegate.m */; };
		929B70C21B5D3FC000264D32 /* FirstViewController.m in Sources */ = {isa = PBXBuildFile; fileRef = 929B70C11B5D3FC000264D32 /* FirstViewController.m */; };
		929B70C51B5D3FC000264D32 /* SecondViewController.m in Sources */ = {isa = PBXBuildFile; fileRef = 929B70C41B5D3FC000264D32 /* SecondViewController.m */; };
		929B70C81B5D3FC000264D32 /* Main.storyboard in Resources */ = {isa = PBXBuildFile; fileRef = 929B70C61B5D3FC000264D32 /* Main.storyboard */; };
		929B70CA1B5D3FC000264D32 /* Images.xcassets in Resources */ = {isa = PBXBuildFile; fileRef = 929B70C91B5D3FC000264D32 /* Images.xcassets */; };
		929B70CD1B5D3FC000264D32 /* LaunchScreen.xib in Resources */ = {isa = PBXBuildFile; fileRef = 929B70CB1B5D3FC000264D32 /* LaunchScreen.xib */; };
		929B70D91B5D3FC000264D32 /* NebulusTests.m in Sources */ = {isa = PBXBuildFile; fileRef = 929B70D81B5D3FC000264D32 /* NebulusTests.m */; };
		929B70E41B5D48AC00264D32 /* LoginViewController.m in Sources */ = {isa = PBXBuildFile; fileRef = 929B70E31B5D48AC00264D32 /* LoginViewController.m */; };
/* End PBXBuildFile section */

/* Begin PBXContainerItemProxy section */
		929B70D31B5D3FC000264D32 /* PBXContainerItemProxy */ = {
			isa = PBXContainerItemProxy;
			containerPortal = 929B70AE1B5D3FC000264D32 /* Project object */;
			proxyType = 1;
			remoteGlobalIDString = 929B70B51B5D3FC000264D32;
			remoteInfo = Nebulus;
		};
/* End PBXContainerItemProxy section */

/* Begin PBXFileReference section */
		8486607E1B615848000D849B /* RecordViewController.h */ = {isa = PBXFileReference; fileEncoding = 4; lastKnownFileType = sourcecode.c.h; path = RecordViewController.h; sourceTree = "<group>"; };
		8486607F1B615848000D849B /* RecordViewController.m */ = {isa = PBXFileReference; fileEncoding = 4; lastKnownFileType = sourcecode.c.objc; path = RecordViewController.m; sourceTree = "<group>"; };
		848660811B615916000D849B /* AVFoundation.framework */ = {isa = PBXFileReference; lastKnownFileType = wrapper.framework; name = AVFoundation.framework; path = System/Library/Frameworks/AVFoundation.framework; sourceTree = SDKROOT; };
		929B70B61B5D3FC000264D32 /* Nebulus.app */ = {isa = PBXFileReference; explicitFileType = wrapper.application; includeInIndex = 0; path = Nebulus.app; sourceTree = BUILT_PRODUCTS_DIR; };
		929B70BA1B5D3FC000264D32 /* Info.plist */ = {isa = PBXFileReference; lastKnownFileType = text.plist.xml; path = Info.plist; sourceTree = "<group>"; };
		929B70BB1B5D3FC000264D32 /* main.m */ = {isa = PBXFileReference; lastKnownFileType = sourcecode.c.objc; path = main.m; sourceTree = "<group>"; };
		929B70BD1B5D3FC000264D32 /* AppDelegate.h */ = {isa = PBXFileReference; lastKnownFileType = sourcecode.c.h; path = AppDelegate.h; sourceTree = "<group>"; };
		929B70BE1B5D3FC000264D32 /* AppDelegate.m */ = {isa = PBXFileReference; lastKnownFileType = sourcecode.c.objc; path = AppDelegate.m; sourceTree = "<group>"; };
		929B70C01B5D3FC000264D32 /* FirstViewController.h */ = {isa = PBXFileReference; lastKnownFileType = sourcecode.c.h; path = FirstViewController.h; sourceTree = "<group>"; };
		929B70C11B5D3FC000264D32 /* FirstViewController.m */ = {isa = PBXFileReference; lastKnownFileType = sourcecode.c.objc; path = FirstViewController.m; sourceTree = "<group>"; };
		929B70C31B5D3FC000264D32 /* SecondViewController.h */ = {isa = PBXFileReference; lastKnownFileType = sourcecode.c.h; path = SecondViewController.h; sourceTree = "<group>"; };
		929B70C41B5D3FC000264D32 /* SecondViewController.m */ = {isa = PBXFileReference; lastKnownFileType = sourcecode.c.objc; path = SecondViewController.m; sourceTree = "<group>"; };
		929B70C71B5D3FC000264D32 /* Base */ = {isa = PBXFileReference; lastKnownFileType = file.storyboard; name = Base; path = Base.lproj/Main.storyboard; sourceTree = "<group>"; };
		929B70C91B5D3FC000264D32 /* Images.xcassets */ = {isa = PBXFileReference; lastKnownFileType = folder.assetcatalog; path = Images.xcassets; sourceTree = "<group>"; };
		929B70CC1B5D3FC000264D32 /* Base */ = {isa = PBXFileReference; lastKnownFileType = file.xib; name = Base; path = Base.lproj/LaunchScreen.xib; sourceTree = "<group>"; };
		929B70D21B5D3FC000264D32 /* NebulusTests.xctest */ = {isa = PBXFileReference; explicitFileType = wrapper.cfbundle; includeInIndex = 0; path = NebulusTests.xctest; sourceTree = BUILT_PRODUCTS_DIR; };
		929B70D71B5D3FC000264D32 /* Info.plist */ = {isa = PBXFileReference; lastKnownFileType = text.plist.xml; path = Info.plist; sourceTree = "<group>"; };
		929B70D81B5D3FC000264D32 /* NebulusTests.m */ = {isa = PBXFileReference; lastKnownFileType = sourcecode.c.objc; path = NebulusTests.m; sourceTree = "<group>"; };
		929B70E21B5D48AC00264D32 /* LoginViewController.h */ = {isa = PBXFileReference; fileEncoding = 4; lastKnownFileType = sourcecode.c.h; path = LoginViewController.h; sourceTree = "<group>"; };
		929B70E31B5D48AC00264D32 /* LoginViewController.m */ = {isa = PBXFileReference; fileEncoding = 4; lastKnownFileType = sourcecode.c.objc; path = LoginViewController.m; sourceTree = "<group>"; };
/* End PBXFileReference section */

/* Begin PBXFrameworksBuildPhase section */
		929B70B31B5D3FC000264D32 /* Frameworks */ = {
			isa = PBXFrameworksBuildPhase;
			buildActionMask = 2147483647;
			files = (
				848660821B615916000D849B /* AVFoundation.framework in Frameworks */,
			);
			runOnlyForDeploymentPostprocessing = 0;
		};
		929B70CF1B5D3FC000264D32 /* Frameworks */ = {
			isa = PBXFrameworksBuildPhase;
			buildActionMask = 2147483647;
			files = (
			);
			runOnlyForDeploymentPostprocessing = 0;
		};
/* End PBXFrameworksBuildPhase section */

/* Begin PBXGroup section */
		929B70AD1B5D3FC000264D32 = {
			isa = PBXGroup;
			children = (
				848660811B615916000D849B /* AVFoundation.framework */,
				929B70B81B5D3FC000264D32 /* Nebulus */,
				929B70D51B5D3FC000264D32 /* NebulusTests */,
				929B70B71B5D3FC000264D32 /* Products */,
			);
			sourceTree = "<group>";
		};
		929B70B71B5D3FC000264D32 /* Products */ = {
			isa = PBXGroup;
			children = (
				929B70B61B5D3FC000264D32 /* Nebulus.app */,
				929B70D21B5D3FC000264D32 /* NebulusTests.xctest */,
			);
			name = Products;
			sourceTree = "<group>";
		};
		929B70B81B5D3FC000264D32 /* Nebulus */ = {
			isa = PBXGroup;
			children = (
				929B70E21B5D48AC00264D32 /* LoginViewController.h */,
				929B70E31B5D48AC00264D32 /* LoginViewController.m */,
				929B70BD1B5D3FC000264D32 /* AppDelegate.h */,
				929B70BE1B5D3FC000264D32 /* AppDelegate.m */,
				929B70C01B5D3FC000264D32 /* FirstViewController.h */,
				98D358B41B5ECF3800A30D8D /* ProfileViewController.h */,
				98D358B51B5ECF3800A30D8D /* ProfileViewController.m */,
				929B70C11B5D3FC000264D32 /* FirstViewController.m */,
				929B70C31B5D3FC000264D32 /* SecondViewController.h */,
				929B70C41B5D3FC000264D32 /* SecondViewController.m */,
				8486607E1B615848000D849B /* RecordViewController.h */,
				8486607F1B615848000D849B /* RecordViewController.m */,
				929B70C61B5D3FC000264D32 /* Main.storyboard */,
				929B70C91B5D3FC000264D32 /* Images.xcassets */,
				929B70CB1B5D3FC000264D32 /* LaunchScreen.xib */,
				929B70B91B5D3FC000264D32 /* Supporting Files */,
			);
			path = Nebulus;
			sourceTree = "<group>";
		};
		929B70B91B5D3FC000264D32 /* Supporting Files */ = {
			isa = PBXGroup;
			children = (
				929B70BA1B5D3FC000264D32 /* Info.plist */,
				929B70BB1B5D3FC000264D32 /* main.m */,
			);
			name = "Supporting Files";
			sourceTree = "<group>";
		};
		929B70D51B5D3FC000264D32 /* NebulusTests */ = {
			isa = PBXGroup;
			children = (
				929B70D81B5D3FC000264D32 /* NebulusTests.m */,
				929B70D61B5D3FC000264D32 /* Supporting Files */,
			);
			path = NebulusTests;
			sourceTree = "<group>";
		};
		929B70D61B5D3FC000264D32 /* Supporting Files */ = {
			isa = PBXGroup;
			children = (
				929B70D71B5D3FC000264D32 /* Info.plist */,
			);
			name = "Supporting Files";
			sourceTree = "<group>";
		};
/* End PBXGroup section */

/* Begin PBXNativeTarget section */
		929B70B51B5D3FC000264D32 /* Nebulus */ = {
			isa = PBXNativeTarget;
			buildConfigurationList = 929B70DC1B5D3FC000264D32 /* Build configuration list for PBXNativeTarget "Nebulus" */;
			buildPhases = (
				929B70B21B5D3FC000264D32 /* Sources */,
				929B70B31B5D3FC000264D32 /* Frameworks */,
				929B70B41B5D3FC000264D32 /* Resources */,
			);
			buildRules = (
			);
			dependencies = (
			);
			name = Nebulus;
			productName = Nebulus;
			productReference = 929B70B61B5D3FC000264D32 /* Nebulus.app */;
			productType = "com.apple.product-type.application";
		};
		929B70D11B5D3FC000264D32 /* NebulusTests */ = {
			isa = PBXNativeTarget;
			buildConfigurationList = 929B70DF1B5D3FC000264D32 /* Build configuration list for PBXNativeTarget "NebulusTests" */;
			buildPhases = (
				929B70CE1B5D3FC000264D32 /* Sources */,
				929B70CF1B5D3FC000264D32 /* Frameworks */,
				929B70D01B5D3FC000264D32 /* Resources */,
			);
			buildRules = (
			);
			dependencies = (
				929B70D41B5D3FC000264D32 /* PBXTargetDependency */,
			);
			name = NebulusTests;
			productName = NebulusTests;
			productReference = 929B70D21B5D3FC000264D32 /* NebulusTests.xctest */;
			productType = "com.apple.product-type.bundle.unit-test";
		};
/* End PBXNativeTarget section */

/* Begin PBXProject section */
		929B70AE1B5D3FC000264D32 /* Project object */ = {
			isa = PBXProject;
			attributes = {
				LastUpgradeCheck = 0640;
				ORGANIZATIONNAME = "CMU-eBiz";
				TargetAttributes = {
					929B70B51B5D3FC000264D32 = {
						CreatedOnToolsVersion = 6.4;
					};
					929B70D11B5D3FC000264D32 = {
						CreatedOnToolsVersion = 6.4;
						TestTargetID = 929B70B51B5D3FC000264D32;
					};
				};
			};
			buildConfigurationList = 929B70B11B5D3FC000264D32 /* Build configuration list for PBXProject "Nebulus" */;
			compatibilityVersion = "Xcode 3.2";
			developmentRegion = English;
			hasScannedForEncodings = 0;
			knownRegions = (
				en,
				Base,
			);
			mainGroup = 929B70AD1B5D3FC000264D32;
			productRefGroup = 929B70B71B5D3FC000264D32 /* Products */;
			projectDirPath = "";
			projectRoot = "";
			targets = (
				929B70B51B5D3FC000264D32 /* Nebulus */,
				929B70D11B5D3FC000264D32 /* NebulusTests */,
			);
		};
/* End PBXProject section */

/* Begin PBXResourcesBuildPhase section */
		929B70B41B5D3FC000264D32 /* Resources */ = {
			isa = PBXResourcesBuildPhase;
			buildActionMask = 2147483647;
			files = (
				929B70C81B5D3FC000264D32 /* Main.storyboard in Resources */,
				929B70CD1B5D3FC000264D32 /* LaunchScreen.xib in Resources */,
				929B70CA1B5D3FC000264D32 /* Images.xcassets in Resources */,
			);
			runOnlyForDeploymentPostprocessing = 0;
		};
		929B70D01B5D3FC000264D32 /* Resources */ = {
			isa = PBXResourcesBuildPhase;
			buildActionMask = 2147483647;
			files = (
			);
			runOnlyForDeploymentPostprocessing = 0;
		};
/* End PBXResourcesBuildPhase section */

/* Begin PBXSourcesBuildPhase section */
		929B70B21B5D3FC000264D32 /* Sources */ = {
			isa = PBXSourcesBuildPhase;
			buildActionMask = 2147483647;
			files = (
				929B70C51B5D3FC000264D32 /* SecondViewController.m in Sources */,
				929B70BF1B5D3FC000264D32 /* AppDelegate.m in Sources */,
				929B70C21B5D3FC000264D32 /* FirstViewController.m in Sources */,
				848660801B615848000D849B /* RecordViewController.m in Sources */,
				929B70BC1B5D3FC000264D32 /* main.m in Sources */,
				929B70E41B5D48AC00264D32 /* LoginViewController.m in Sources */,
			);
			runOnlyForDeploymentPostprocessing = 0;
		};
		929B70CE1B5D3FC000264D32 /* Sources */ = {
			isa = PBXSourcesBuildPhase;
			buildActionMask = 2147483647;
			files = (
				929B70D91B5D3FC000264D32 /* NebulusTests.m in Sources */,
			);
			runOnlyForDeploymentPostprocessing = 0;
		};
/* End PBXSourcesBuildPhase section */

/* Begin PBXTargetDependency section */
		929B70D41B5D3FC000264D32 /* PBXTargetDependency */ = {
			isa = PBXTargetDependency;
			target = 929B70B51B5D3FC000264D32 /* Nebulus */;
			targetProxy = 929B70D31B5D3FC000264D32 /* PBXContainerItemProxy */;
		};
/* End PBXTargetDependency section */

/* Begin PBXVariantGroup section */
		929B70C61B5D3FC000264D32 /* Main.storyboard */ = {
			isa = PBXVariantGroup;
			children = (
				929B70C71B5D3FC000264D32 /* Base */,
			);
			name = Main.storyboard;
			sourceTree = "<group>";
		};
		929B70CB1B5D3FC000264D32 /* LaunchScreen.xib */ = {
			isa = PBXVariantGroup;
			children = (
				929B70CC1B5D3FC000264D32 /* Base */,
			);
			name = LaunchScreen.xib;
			sourceTree = "<group>";
		};
/* End PBXVariantGroup section */

/* Begin XCBuildConfiguration section */
		929B70DA1B5D3FC000264D32 /* Debug */ = {
			isa = XCBuildConfiguration;
			buildSettings = {
				ALWAYS_SEARCH_USER_PATHS = NO;
				CLANG_CXX_LANGUAGE_STANDARD = "gnu++0x";
				CLANG_CXX_LIBRARY = "libc++";
				CLANG_ENABLE_MODULES = YES;
				CLANG_ENABLE_OBJC_ARC = YES;
				CLANG_WARN_BOOL_CONVERSION = YES;
				CLANG_WARN_CONSTANT_CONVERSION = YES;
				CLANG_WARN_DIRECT_OBJC_ISA_USAGE = YES_ERROR;
				CLANG_WARN_EMPTY_BODY = YES;
				CLANG_WARN_ENUM_CONVERSION = YES;
				CLANG_WARN_INT_CONVERSION = YES;
				CLANG_WARN_OBJC_ROOT_CLASS = YES_ERROR;
				CLANG_WARN_UNREACHABLE_CODE = YES;
				CLANG_WARN__DUPLICATE_METHOD_MATCH = YES;
				"CODE_SIGN_IDENTITY[sdk=iphoneos*]" = "iPhone Developer";
				COPY_PHASE_STRIP = NO;
				DEBUG_INFORMATION_FORMAT = "dwarf-with-dsym";
				ENABLE_STRICT_OBJC_MSGSEND = YES;
				GCC_C_LANGUAGE_STANDARD = gnu99;
				GCC_DYNAMIC_NO_PIC = NO;
				GCC_NO_COMMON_BLOCKS = YES;
				GCC_OPTIMIZATION_LEVEL = 0;
				GCC_PREPROCESSOR_DEFINITIONS = (
					"DEBUG=1",
					"$(inherited)",
				);
				GCC_SYMBOLS_PRIVATE_EXTERN = NO;
				GCC_WARN_64_TO_32_BIT_CONVERSION = YES;
				GCC_WARN_ABOUT_RETURN_TYPE = YES_ERROR;
				GCC_WARN_UNDECLARED_SELECTOR = YES;
				GCC_WARN_UNINITIALIZED_AUTOS = YES_AGGRESSIVE;
				GCC_WARN_UNUSED_FUNCTION = YES;
				GCC_WARN_UNUSED_VARIABLE = YES;
				IPHONEOS_DEPLOYMENT_TARGET = 8.4;
				MTL_ENABLE_DEBUG_INFO = YES;
				ONLY_ACTIVE_ARCH = YES;
				SDKROOT = iphoneos;
			};
			name = Debug;
		};
		929B70DB1B5D3FC000264D32 /* Release */ = {
			isa = XCBuildConfiguration;
			buildSettings = {
				ALWAYS_SEARCH_USER_PATHS = NO;
				CLANG_CXX_LANGUAGE_STANDARD = "gnu++0x";
				CLANG_CXX_LIBRARY = "libc++";
				CLANG_ENABLE_MODULES = YES;
				CLANG_ENABLE_OBJC_ARC = YES;
				CLANG_WARN_BOOL_CONVERSION = YES;
				CLANG_WARN_CONSTANT_CONVERSION = YES;
				CLANG_WARN_DIRECT_OBJC_ISA_USAGE = YES_ERROR;
				CLANG_WARN_EMPTY_BODY = YES;
				CLANG_WARN_ENUM_CONVERSION = YES;
				CLANG_WARN_INT_CONVERSION = YES;
				CLANG_WARN_OBJC_ROOT_CLASS = YES_ERROR;
				CLANG_WARN_UNREACHABLE_CODE = YES;
				CLANG_WARN__DUPLICATE_METHOD_MATCH = YES;
				"CODE_SIGN_IDENTITY[sdk=iphoneos*]" = "iPhone Developer";
				COPY_PHASE_STRIP = NO;
				DEBUG_INFORMATION_FORMAT = "dwarf-with-dsym";
				ENABLE_NS_ASSERTIONS = NO;
				ENABLE_STRICT_OBJC_MSGSEND = YES;
				GCC_C_LANGUAGE_STANDARD = gnu99;
				GCC_NO_COMMON_BLOCKS = YES;
				GCC_WARN_64_TO_32_BIT_CONVERSION = YES;
				GCC_WARN_ABOUT_RETURN_TYPE = YES_ERROR;
				GCC_WARN_UNDECLARED_SELECTOR = YES;
				GCC_WARN_UNINITIALIZED_AUTOS = YES_AGGRESSIVE;
				GCC_WARN_UNUSED_FUNCTION = YES;
				GCC_WARN_UNUSED_VARIABLE = YES;
				IPHONEOS_DEPLOYMENT_TARGET = 8.4;
				MTL_ENABLE_DEBUG_INFO = NO;
				SDKROOT = iphoneos;
				VALIDATE_PRODUCT = YES;
			};
			name = Release;
		};
		929B70DD1B5D3FC000264D32 /* Debug */ = {
			isa = XCBuildConfiguration;
			buildSettings = {
				ASSETCATALOG_COMPILER_APPICON_NAME = AppIcon;
				INFOPLIST_FILE = Nebulus/Info.plist;
				LD_RUNPATH_SEARCH_PATHS = "$(inherited) @executable_path/Frameworks";
				PRODUCT_NAME = "$(TARGET_NAME)";
			};
			name = Debug;
		};
		929B70DE1B5D3FC000264D32 /* Release */ = {
			isa = XCBuildConfiguration;
			buildSettings = {
				ASSETCATALOG_COMPILER_APPICON_NAME = AppIcon;
				INFOPLIST_FILE = Nebulus/Info.plist;
				LD_RUNPATH_SEARCH_PATHS = "$(inherited) @executable_path/Frameworks";
				PRODUCT_NAME = "$(TARGET_NAME)";
			};
			name = Release;
		};
		929B70E01B5D3FC000264D32 /* Debug */ = {
			isa = XCBuildConfiguration;
			buildSettings = {
				BUNDLE_LOADER = "$(TEST_HOST)";
				FRAMEWORK_SEARCH_PATHS = (
					"$(SDKROOT)/Developer/Library/Frameworks",
					"$(inherited)",
				);
				GCC_PREPROCESSOR_DEFINITIONS = (
					"DEBUG=1",
					"$(inherited)",
				);
				INFOPLIST_FILE = NebulusTests/Info.plist;
				LD_RUNPATH_SEARCH_PATHS = "$(inherited) @executable_path/Frameworks @loader_path/Frameworks";
				PRODUCT_NAME = "$(TARGET_NAME)";
				TEST_HOST = "$(BUILT_PRODUCTS_DIR)/Nebulus.app/Nebulus";
			};
			name = Debug;
		};
		929B70E11B5D3FC000264D32 /* Release */ = {
			isa = XCBuildConfiguration;
			buildSettings = {
				BUNDLE_LOADER = "$(TEST_HOST)";
				FRAMEWORK_SEARCH_PATHS = (
					"$(SDKROOT)/Developer/Library/Frameworks",
					"$(inherited)",
				);
				INFOPLIST_FILE = NebulusTests/Info.plist;
				LD_RUNPATH_SEARCH_PATHS = "$(inherited) @executable_path/Frameworks @loader_path/Frameworks";
				PRODUCT_NAME = "$(TARGET_NAME)";
				TEST_HOST = "$(BUILT_PRODUCTS_DIR)/Nebulus.app/Nebulus";
			};
			name = Release;
		};
/* End XCBuildConfiguration section */

/* Begin XCConfigurationList section */
		929B70B11B5D3FC000264D32 /* Build configuration list for PBXProject "Nebulus" */ = {
			isa = XCConfigurationList;
			buildConfigurations = (
				929B70DA1B5D3FC000264D32 /* Debug */,
				929B70DB1B5D3FC000264D32 /* Release */,
			);
			defaultConfigurationIsVisible = 0;
			defaultConfigurationName = Release;
		};
		929B70DC1B5D3FC000264D32 /* Build configuration list for PBXNativeTarget "Nebulus" */ = {
			isa = XCConfigurationList;
			buildConfigurations = (
				929B70DD1B5D3FC000264D32 /* Debug */,
				929B70DE1B5D3FC000264D32 /* Release */,
			);
			defaultConfigurationIsVisible = 0;
			defaultConfigurationName = Release;
		};
		929B70DF1B5D3FC000264D32 /* Build configuration list for PBXNativeTarget "NebulusTests" */ = {
			isa = XCConfigurationList;
			buildConfigurations = (
				929B70E01B5D3FC000264D32 /* Debug */,
				929B70E11B5D3FC000264D32 /* Release */,
			);
			defaultConfigurationIsVisible = 0;
			defaultConfigurationName = Release;
		};
/* End XCConfigurationList section */
	};
	rootObject = 929B70AE1B5D3FC000264D32 /* Project object */;
}
